
Microsoft Visual Studio Solution File, Format Version 12.00
# Visual Studio Version 17
VisualStudioVersion = 17.4.33122.133
MinimumVisualStudioVersion = 10.0.40219.1
Project("{FAE04EC0-301F-11D3-BF4B-00C04F79EFBC}") = "Magnet Check V2", "V2 Confirm\Magnet Check V2.csproj", "{ABD47AE0-F1AD-45F4-9A84-FADCED589BA2}"
EndProject
Project("{FAE04EC0-301F-11D3-BF4B-00C04F79EFBC}") = "Magnet Report V3", "V3 Monitor\Magnet Report V3.csproj", "{4E7BA1DD-9CF4-439F-AFB5-FBF60E3C7A22}"
EndProject
Project("{FAE04EC0-301F-11D3-BF4B-00C04F79EFBC}") = "Magnet Test V1", "V1 Scan\Magnet Test V1.csproj", "{C0152891-ED59-4DEE-A15B-BB344D8D76A9}"
EndProject
Global
	GlobalSection(SolutionConfigurationPlatforms) = preSolution
		Debug|Any CPU = Debug|Any CPU
		Release|Any CPU = Release|Any CPU
	EndGlobalSection
	GlobalSection(ProjectConfigurationPlatforms) = postSolution
		{ABD47AE0-F1AD-45F4-9A84-FADCED589BA2}.Debug|Any CPU.ActiveCfg = Debug|Any CPU
		{ABD47AE0-F1AD-45F4-9A84-FADCED589BA2}.Debug|Any CPU.Build.0 = Debug|Any CPU
		{ABD47AE0-F1AD-45F4-9A84-FADCED589BA2}.Release|Any CPU.ActiveCfg = Release|Any CPU
		{ABD47AE0-F1AD-45F4-9A84-FADCED589BA2}.Release|Any CPU.Build.0 = Release|Any CPU
		{4E7BA1DD-9CF4-439F-AFB5-FBF60E3C7A22}.Debug|Any CPU.ActiveCfg = Debug|Any CPU
		{4E7BA1DD-9CF4-439F-AFB5-FBF60E3C7A22}.Debug|Any CPU.Build.0 = Debug|Any CPU
		{4E7BA1DD-9CF4-439F-AFB5-FBF60E3C7A22}.Release|Any CPU.ActiveCfg = Release|Any CPU
		{4E7BA1DD-9CF4-439F-AFB5-FBF60E3C7A22}.Release|Any CPU.Build.0 = Release|Any CPU
		{C0152891-ED59-4DEE-A15B-BB344D8D76A9}.Debug|Any CPU.ActiveCfg = Debug|Any CPU
		{C0152891-ED59-4DEE-A15B-BB344D8D76A9}.Debug|Any CPU.Build.0 = Debug|Any CPU
		{C0152891-ED59-4DEE-A15B-BB344D8D76A9}.Release|Any CPU.ActiveCfg = Release|Any CPU
		{C0152891-ED59-4DEE-A15B-BB344D8D76A9}.Release|Any CPU.Build.0 = Release|Any CPU
	EndGlobalSection
	GlobalSection(SolutionProperties) = preSolution
		HideSolutionNode = FALSE
	EndGlobalSection
	GlobalSection(ExtensibilityGlobals) = postSolution
		SolutionGuid = {0B926E6C-79B8-4300-983C-C992B23771CC}
	EndGlobalSection
EndGlobal
